# This file is autogenerated, do not edit; changes may be undone by the next 'dep ensure'.


[[projects]]
  name = "github.com/BurntSushi/toml"
  packages = ["."]
  revision = "b26d9c308763d68093482582cea63d69be07a0f0"
  version = "v0.3.0"

[[projects]]
  branch = "master"
  name = "github.com/everdev/mack"
  packages = ["."]
  revision = "e4f4e8b82fc84d5aad5c0379e7e5f18777cb1fc2"

[[projects]]
  name = "github.com/gorilla/context"
  packages = ["."]
  revision = "1ea25387ff6f684839d82767c1733ff4d4d15d0a"
  version = "v1.1"

[[projects]]
  name = "github.com/gorilla/mux"
  packages = ["."]
  revision = "53c1911da2b537f792e7cafcb446b05ffe33b996"
  version = "v1.6.1"

[[projects]]
  branch = "master"
  name = "github.com/influxdata/wlog"
  packages = ["."]
  revision = "7c63b0a71ef8300adc255344d275e10e5c3a71ec"

[[projects]]
  name = "github.com/pkg/errors"
  packages = ["."]
  revision = "645ef00459ed84a119197bfb8d8205042c6df63d"
  version = "v0.8.0"

[[projects]]
  branch = "v3"
  name = "gopkg.in/alexcesaro/quotedprintable.v3"
  packages = ["."]
  revision = "2caba252f4dc53eaf6b553000885530023f54623"

[[projects]]
  branch = "v2"
  name = "gopkg.in/gomail.v2"
  packages = ["."]
  revision = "81ebce5c23dfd25c6c67194b37d3dd3f338c98b1"

[solve-meta]
  analyzer-name = "dep"
  analyzer-version = 1
  inputs-digest = "9dba22c29a1acdad152a204210ab2bfa439b40e3a75822dcd9d8a63b5df37ef4"
  solver-name = "gps-cdcl"
  solver-version = 1
